
Microsoft Visual Studio Solution File, Format Version 12.00
# Visual Studio Version 17
VisualStudioVersion = 17.5.002.0
MinimumVisualStudioVersion = 10.0.40219.1
Project("{2150E333-8FDC-42A3-9474-1A3956D46DE8}") = "csharp-prep", "csharp-prep", "{BB65C130-7FCC-4523-BBA5-92F11882E159}"
EndProject
Project("{9A19103F-16F7-4668-BE54-9A1E7A4F7556}") = "Prep1", "csharp-prep\Prep1\Prep1.csproj", "{5B9354F4-96F5-4E58-9908-CA9A6AF4A295}"
EndProject
Project("{9A19103F-16F7-4668-BE54-9A1E7A4F7556}") = "Prep2", "csharp-prep\Prep2\Prep2.csproj", "{F9C444B1-9992-4494-9C74-140B29889183}"
EndProject
Project("{9A19103F-16F7-4668-BE54-9A1E7A4F7556}") = "Prep3", "csharp-prep\Prep3\Prep3.csproj", "{8913AE2F-CBEE-48F6-91EE-F124981B64BD}"
EndProject
Project("{9A19103F-16F7-4668-BE54-9A1E7A4F7556}") = "Prep4", "csharp-prep\Prep4\Prep4.csproj", "{F5E3AB74-31CB-44F3-ADD2-9EDFCB4FCA96}"
EndProject
Project("{9A19103F-16F7-4668-BE54-9A1E7A4F7556}") = "Prep5", "csharp-prep\Prep5\Prep5.csproj", "{FCE9C025-D6F1-41C6-B16A-8CF1E4659C21}"
EndProject
Project("{2150E333-8FDC-42A3-9474-1A3956D46DE8}") = "final", "final", "{277A0D18-F8D2-4017-92DA-58AE89C35717}"
EndProject
Project("{9A19103F-16F7-4668-BE54-9A1E7A4F7556}") = "FinalProject", "final\FinalProject\FinalProject.csproj", "{CF0B4E9A-F7AD-4E12-887F-F74C0B45CB9F}"
EndProject
Project("{9A19103F-16F7-4668-BE54-9A1E7A4F7556}") = "Foundation1", "final\Foundation1\Foundation1.csproj", "{94A249E1-F667-4868-8434-F7EBCED7B65B}"
EndProject
Project("{9A19103F-16F7-4668-BE54-9A1E7A4F7556}") = "Foundation2", "final\Foundation2\Foundation2.csproj", "{F22E6E60-2950-4844-8399-F156FFCF3EFC}"
EndProject
Project("{9A19103F-16F7-4668-BE54-9A1E7A4F7556}") = "Foundation3", "final\Foundation3\Foundation3.csproj", "{0C1FBF6B-5273-4939-A04D-E78E5A5ADDF6}"
EndProject
Project("{9A19103F-16F7-4668-BE54-9A1E7A4F7556}") = "Foundation4", "final\Foundation4\Foundation4.csproj", "{D286CEFB-DDC7-49B8-8C20-E2A24B7103DC}"
EndProject
Project("{2150E333-8FDC-42A3-9474-1A3956D46DE8}") = "prepare", "prepare", "{87DA6781-BF2C-480F-87CE-E9D2C5ED5CFC}"
EndProject
Project("{9A19103F-16F7-4668-BE54-9A1E7A4F7556}") = "Learning02", "prepare\Learning02\Learning02.csproj", "{67CC5588-780E-4DF8-9EB0-0B5E853BEA6E}"
EndProject
Project("{9A19103F-16F7-4668-BE54-9A1E7A4F7556}") = "Learning03", "prepare\Learning03\Learning03.csproj", "{A1FB9AE2-FA36-422D-A0D3-7BAF1D827C98}"
EndProject
Project("{9A19103F-16F7-4668-BE54-9A1E7A4F7556}") = "Learning04", "prepare\Learning04\Learning04.csproj", "{1397E9D8-BBAE-4400-8764-88DF923AEBAE}"
EndProject
Project("{9A19103F-16F7-4668-BE54-9A1E7A4F7556}") = "Learning05", "prepare\Learning05\Learning05.csproj", "{9DC95548-B3DB-41DA-AD28-BFAB814A775D}"
EndProject
Project("{2150E333-8FDC-42A3-9474-1A3956D46DE8}") = "prove", "prove", "{6E5EF23C-7719-45AA-AF15-85EFF06FA318}"
EndProject
Project("{9A19103F-16F7-4668-BE54-9A1E7A4F7556}") = "Develop02", "prove\Develop02\Develop02.csproj", "{39776F87-BDF1-4A3D-9EE6-E3126F40EFD0}"
EndProject
Project("{9A19103F-16F7-4668-BE54-9A1E7A4F7556}") = "Develop03", "prove\Develop03\Develop03.csproj", "{4DDE022D-548E-41B1-99B0-CED232E395AE}"
EndProject
Project("{9A19103F-16F7-4668-BE54-9A1E7A4F7556}") = "Develop04", "prove\Develop04\Develop04.csproj", "{A5F4A8E9-0A48-4719-A63D-1E3649D523EF}"
EndProject
Project("{9A19103F-16F7-4668-BE54-9A1E7A4F7556}") = "Develop05", "prove\Develop05\Develop05.csproj", "{20F219BE-6D11-42C6-940E-24F1A2F60C38}"
EndProject
Project("{2150E333-8FDC-42A3-9474-1A3956D46DE8}") = "sandbox", "sandbox", "{1358628F-5F83-4ABB-8A80-878C8EB00B49}"
EndProject
Project("{9A19103F-16F7-4668-BE54-9A1E7A4F7556}") = "Sandbox", "sandbox\Sandbox\Sandbox.csproj", "{DB055711-03E9-43A5-BC2F-050BE51530F2}"
EndProject
Global
	GlobalSection(SolutionConfigurationPlatforms) = preSolution
		Debug|Any CPU = Debug|Any CPU
		Release|Any CPU = Release|Any CPU
	EndGlobalSection
	GlobalSection(ProjectConfigurationPlatforms) = postSolution
		{5B9354F4-96F5-4E58-9908-CA9A6AF4A295}.Debug|Any CPU.ActiveCfg = Debug|Any CPU
		{5B9354F4-96F5-4E58-9908-CA9A6AF4A295}.Debug|Any CPU.Build.0 = Debug|Any CPU
		{5B9354F4-96F5-4E58-9908-CA9A6AF4A295}.Release|Any CPU.ActiveCfg = Release|Any CPU
		{5B9354F4-96F5-4E58-9908-CA9A6AF4A295}.Release|Any CPU.Build.0 = Release|Any CPU
		{F9C444B1-9992-4494-9C74-140B29889183}.Debug|Any CPU.ActiveCfg = Debug|Any CPU
		{F9C444B1-9992-4494-9C74-140B29889183}.Debug|Any CPU.Build.0 = Debug|Any CPU
		{F9C444B1-9992-4494-9C74-140B29889183}.Release|Any CPU.ActiveCfg = Release|Any CPU
		{F9C444B1-9992-4494-9C74-140B29889183}.Release|Any CPU.Build.0 = Release|Any CPU
		{8913AE2F-CBEE-48F6-91EE-F124981B64BD}.Debug|Any CPU.ActiveCfg = Debug|Any CPU
		{8913AE2F-CBEE-48F6-91EE-F124981B64BD}.Debug|Any CPU.Build.0 = Debug|Any CPU
		{8913AE2F-CBEE-48F6-91EE-F124981B64BD}.Release|Any CPU.ActiveCfg = Release|Any CPU
		{8913AE2F-CBEE-48F6-91EE-F124981B64BD}.Release|Any CPU.Build.0 = Release|Any CPU
		{F5E3AB74-31CB-44F3-ADD2-9EDFCB4FCA96}.Debug|Any CPU.ActiveCfg = Debug|Any CPU
		{F5E3AB74-31CB-44F3-ADD2-9EDFCB4FCA96}.Debug|Any CPU.Build.0 = Debug|Any CPU
		{F5E3AB74-31CB-44F3-ADD2-9EDFCB4FCA96}.Release|Any CPU.ActiveCfg = Release|Any CPU
		{F5E3AB74-31CB-44F3-ADD2-9EDFCB4FCA96}.Release|Any CPU.Build.0 = Release|Any CPU
		{FCE9C025-D6F1-41C6-B16A-8CF1E4659C21}.Debug|Any CPU.ActiveCfg = Debug|Any CPU
		{FCE9C025-D6F1-41C6-B16A-8CF1E4659C21}.Debug|Any CPU.Build.0 = Debug|Any CPU
		{FCE9C025-D6F1-41C6-B16A-8CF1E4659C21}.Release|Any CPU.ActiveCfg = Release|Any CPU
		{FCE9C025-D6F1-41C6-B16A-8CF1E4659C21}.Release|Any CPU.Build.0 = Release|Any CPU
		{CF0B4E9A-F7AD-4E12-887F-F74C0B45CB9F}.Debug|Any CPU.ActiveCfg = Debug|Any CPU
		{CF0B4E9A-F7AD-4E12-887F-F74C0B45CB9F}.Debug|Any CPU.Build.0 = Debug|Any CPU
		{CF0B4E9A-F7AD-4E12-887F-F74C0B45CB9F}.Release|Any CPU.ActiveCfg = Release|Any CPU
		{CF0B4E9A-F7AD-4E12-887F-F74C0B45CB9F}.Release|Any CPU.Build.0 = Release|Any CPU
		{94A249E1-F667-4868-8434-F7EBCED7B65B}.Debug|Any CPU.ActiveCfg = Debug|Any CPU
		{94A249E1-F667-4868-8434-F7EBCED7B65B}.Debug|Any CPU.Build.0 = Debug|Any CPU
		{94A249E1-F667-4868-8434-F7EBCED7B65B}.Release|Any CPU.ActiveCfg = Release|Any CPU
		{94A249E1-F667-4868-8434-F7EBCED7B65B}.Release|Any CPU.Build.0 = Release|Any CPU
		{F22E6E60-2950-4844-8399-F156FFCF3EFC}.Debug|Any CPU.ActiveCfg = Debug|Any CPU
		{F22E6E60-2950-4844-8399-F156FFCF3EFC}.Debug|Any CPU.Build.0 = Debug|Any CPU
		{F22E6E60-2950-4844-8399-F156FFCF3EFC}.Release|Any CPU.ActiveCfg = Release|Any CPU
		{F22E6E60-2950-4844-8399-F156FFCF3EFC}.Release|Any CPU.Build.0 = Release|Any CPU
		{0C1FBF6B-5273-4939-A04D-E78E5A5ADDF6}.Debug|Any CPU.ActiveCfg = Debug|Any CPU
		{0C1FBF6B-5273-4939-A04D-E78E5A5ADDF6}.Debug|Any CPU.Build.0 = Debug|Any CPU
		{0C1FBF6B-5273-4939-A04D-E78E5A5ADDF6}.Release|Any CPU.ActiveCfg = Release|Any CPU
		{0C1FBF6B-5273-4939-A04D-E78E5A5ADDF6}.Release|Any CPU.Build.0 = Release|Any CPU
		{D286CEFB-DDC7-49B8-8C20-E2A24B7103DC}.Debug|Any CPU.ActiveCfg = Debug|Any CPU
		{D286CEFB-DDC7-49B8-8C20-E2A24B7103DC}.Debug|Any CPU.Build.0 = Debug|Any CPU
		{D286CEFB-DDC7-49B8-8C20-E2A24B7103DC}.Release|Any CPU.ActiveCfg = Release|Any CPU
		{D286CEFB-DDC7-49B8-8C20-E2A24B7103DC}.Release|Any CPU.Build.0 = Release|Any CPU
		{67CC5588-780E-4DF8-9EB0-0B5E853BEA6E}.Debug|Any CPU.ActiveCfg = Debug|Any CPU
		{67CC5588-780E-4DF8-9EB0-0B5E853BEA6E}.Debug|Any CPU.Build.0 = Debug|Any CPU
		{67CC5588-780E-4DF8-9EB0-0B5E853BEA6E}.Release|Any CPU.ActiveCfg = Release|Any CPU
		{67CC5588-780E-4DF8-9EB0-0B5E853BEA6E}.Release|Any CPU.Build.0 = Release|Any CPU
		{A1FB9AE2-FA36-422D-A0D3-7BAF1D827C98}.Debug|Any CPU.ActiveCfg = Debug|Any CPU
		{A1FB9AE2-FA36-422D-A0D3-7BAF1D827C98}.Debug|Any CPU.Build.0 = Debug|Any CPU
		{A1FB9AE2-FA36-422D-A0D3-7BAF1D827C98}.Release|Any CPU.ActiveCfg = Release|Any CPU
		{A1FB9AE2-FA36-422D-A0D3-7BAF1D827C98}.Release|Any CPU.Build.0 = Release|Any CPU
		{1397E9D8-BBAE-4400-8764-88DF923AEBAE}.Debug|Any CPU.ActiveCfg = Debug|Any CPU
		{1397E9D8-BBAE-4400-8764-88DF923AEBAE}.Debug|Any CPU.Build.0 = Debug|Any CPU
		{1397E9D8-BBAE-4400-8764-88DF923AEBAE}.Release|Any CPU.ActiveCfg = Release|Any CPU
		{1397E9D8-BBAE-4400-8764-88DF923AEBAE}.Release|Any CPU.Build.0 = Release|Any CPU
		{9DC95548-B3DB-41DA-AD28-BFAB814A775D}.Debug|Any CPU.ActiveCfg = Debug|Any CPU
		{9DC95548-B3DB-41DA-AD28-BFAB814A775D}.Debug|Any CPU.Build.0 = Debug|Any CPU
		{9DC95548-B3DB-41DA-AD28-BFAB814A775D}.Release|Any CPU.ActiveCfg = Release|Any CPU
		{9DC95548-B3DB-41DA-AD28-BFAB814A775D}.Release|Any CPU.Build.0 = Release|Any CPU
		{39776F87-BDF1-4A3D-9EE6-E3126F40EFD0}.Debug|Any CPU.ActiveCfg = Debug|Any CPU
		{39776F87-BDF1-4A3D-9EE6-E3126F40EFD0}.Debug|Any CPU.Build.0 = Debug|Any CPU
		{39776F87-BDF1-4A3D-9EE6-E3126F40EFD0}.Release|Any CPU.ActiveCfg = Release|Any CPU
		{39776F87-BDF1-4A3D-9EE6-E3126F40EFD0}.Release|Any CPU.Build.0 = Release|Any CPU
		{4DDE022D-548E-41B1-99B0-CED232E395AE}.Debug|Any CPU.ActiveCfg = Debug|Any CPU
		{4DDE022D-548E-41B1-99B0-CED232E395AE}.Debug|Any CPU.Build.0 = Debug|Any CPU
		{4DDE022D-548E-41B1-99B0-CED232E395AE}.Release|Any CPU.ActiveCfg = Release|Any CPU
		{4DDE022D-548E-41B1-99B0-CED232E395AE}.Release|Any CPU.Build.0 = Release|Any CPU
		{A5F4A8E9-0A48-4719-A63D-1E3649D523EF}.Debug|Any CPU.ActiveCfg = Debug|Any CPU
		{A5F4A8E9-0A48-4719-A63D-1E3649D523EF}.Debug|Any CPU.Build.0 = Debug|Any CPU
		{A5F4A8E9-0A48-4719-A63D-1E3649D523EF}.Release|Any CPU.ActiveCfg = Release|Any CPU
		{A5F4A8E9-0A48-4719-A63D-1E3649D523EF}.Release|Any CPU.Build.0 = Release|Any CPU
		{20F219BE-6D11-42C6-940E-24F1A2F60C38}.Debug|Any CPU.ActiveCfg = Debug|Any CPU
		{20F219BE-6D11-42C6-940E-24F1A2F60C38}.Debug|Any CPU.Build.0 = Debug|Any CPU
		{20F219BE-6D11-42C6-940E-24F1A2F60C38}.Release|Any CPU.ActiveCfg = Release|Any CPU
		{20F219BE-6D11-42C6-940E-24F1A2F60C38}.Release|Any CPU.Build.0 = Release|Any CPU
		{DB055711-03E9-43A5-BC2F-050BE51530F2}.Debug|Any CPU.ActiveCfg = Debug|Any CPU
		{DB055711-03E9-43A5-BC2F-050BE51530F2}.Debug|Any CPU.Build.0 = Debug|Any CPU
		{DB055711-03E9-43A5-BC2F-050BE51530F2}.Release|Any CPU.ActiveCfg = Release|Any CPU
		{DB055711-03E9-43A5-BC2F-050BE51530F2}.Release|Any CPU.Build.0 = Release|Any CPU
	EndGlobalSection
	GlobalSection(SolutionProperties) = preSolution
		HideSolutionNode = FALSE
	EndGlobalSection
	GlobalSection(NestedProjects) = preSolution
		{5B9354F4-96F5-4E58-9908-CA9A6AF4A295} = {BB65C130-7FCC-4523-BBA5-92F11882E159}
		{F9C444B1-9992-4494-9C74-140B29889183} = {BB65C130-7FCC-4523-BBA5-92F11882E159}
		{8913AE2F-CBEE-48F6-91EE-F124981B64BD} = {BB65C130-7FCC-4523-BBA5-92F11882E159}
		{F5E3AB74-31CB-44F3-ADD2-9EDFCB4FCA96} = {BB65C130-7FCC-4523-BBA5-92F11882E159}
		{FCE9C025-D6F1-41C6-B16A-8CF1E4659C21} = {BB65C130-7FCC-4523-BBA5-92F11882E159}
		{CF0B4E9A-F7AD-4E12-887F-F74C0B45CB9F} = {277A0D18-F8D2-4017-92DA-58AE89C35717}
		{94A249E1-F667-4868-8434-F7EBCED7B65B} = {277A0D18-F8D2-4017-92DA-58AE89C35717}
		{F22E6E60-2950-4844-8399-F156FFCF3EFC} = {277A0D18-F8D2-4017-92DA-58AE89C35717}
		{0C1FBF6B-5273-4939-A04D-E78E5A5ADDF6} = {277A0D18-F8D2-4017-92DA-58AE89C35717}
		{D286CEFB-DDC7-49B8-8C20-E2A24B7103DC} = {277A0D18-F8D2-4017-92DA-58AE89C35717}
		{67CC5588-780E-4DF8-9EB0-0B5E853BEA6E} = {87DA6781-BF2C-480F-87CE-E9D2C5ED5CFC}
		{A1FB9AE2-FA36-422D-A0D3-7BAF1D827C98} = {87DA6781-BF2C-480F-87CE-E9D2C5ED5CFC}
		{1397E9D8-BBAE-4400-8764-88DF923AEBAE} = {87DA6781-BF2C-480F-87CE-E9D2C5ED5CFC}
		{9DC95548-B3DB-41DA-AD28-BFAB814A775D} = {87DA6781-BF2C-480F-87CE-E9D2C5ED5CFC}
		{39776F87-BDF1-4A3D-9EE6-E3126F40EFD0} = {6E5EF23C-7719-45AA-AF15-85EFF06FA318}
		{4DDE022D-548E-41B1-99B0-CED232E395AE} = {6E5EF23C-7719-45AA-AF15-85EFF06FA318}
		{A5F4A8E9-0A48-4719-A63D-1E3649D523EF} = {6E5EF23C-7719-45AA-AF15-85EFF06FA318}
		{20F219BE-6D11-42C6-940E-24F1A2F60C38} = {6E5EF23C-7719-45AA-AF15-85EFF06FA318}
		{DB055711-03E9-43A5-BC2F-050BE51530F2} = {1358628F-5F83-4ABB-8A80-878C8EB00B49}
	EndGlobalSection
	GlobalSection(ExtensibilityGlobals) = postSolution
		SolutionGuid = {B4564FBD-20B4-4B08-A559-B9DB874DE2C3}
	EndGlobalSection
EndGlobal
