
Microsoft Visual Studio Solution File, Format Version 12.00
# Visual Studio Version 17
VisualStudioVersion = 17.5.002.0
MinimumVisualStudioVersion = 10.0.40219.1
Project("{2150E333-8FDC-42A3-9474-1A3956D46DE8}") = "csharp-prep", "csharp-prep", "{ECE053C3-A663-4B2F-B13B-9498715BA7AC}"
EndProject
Project("{9A19103F-16F7-4668-BE54-9A1E7A4F7556}") = "Prep1", "csharp-prep\Prep1\Prep1.csproj", "{8F722952-5152-4A23-B273-6DBED4752A41}"
EndProject
Project("{9A19103F-16F7-4668-BE54-9A1E7A4F7556}") = "Prep2", "csharp-prep\Prep2\Prep2.csproj", "{F83823EF-244B-4E73-8BB0-9D1F004A1158}"
EndProject
Project("{9A19103F-16F7-4668-BE54-9A1E7A4F7556}") = "Prep3", "csharp-prep\Prep3\Prep3.csproj", "{B75565D8-91A6-4C3C-89E5-0A0D082E9C5A}"
EndProject
Project("{9A19103F-16F7-4668-BE54-9A1E7A4F7556}") = "Prep4", "csharp-prep\Prep4\Prep4.csproj", "{6B878F40-E13E-4F23-8EA4-0C526D168C61}"
EndProject
Project("{9A19103F-16F7-4668-BE54-9A1E7A4F7556}") = "Prep5", "csharp-prep\Prep5\Prep5.csproj", "{84728A3E-6A86-4478-A80C-A9431061D428}"
EndProject
Project("{2150E333-8FDC-42A3-9474-1A3956D46DE8}") = "final", "final", "{0DF5993E-58D9-459F-A90E-F978F0D6A156}"
EndProject
Project("{9A19103F-16F7-4668-BE54-9A1E7A4F7556}") = "FinalProject", "final\FinalProject\FinalProject.csproj", "{69F76E52-8DF4-4300-9774-C42588755EB9}"
EndProject
Project("{9A19103F-16F7-4668-BE54-9A1E7A4F7556}") = "Foundation1", "final\Foundation1\Foundation1.csproj", "{6266C8B7-EDDA-45FB-A611-E97A5EB8DE34}"
EndProject
Project("{9A19103F-16F7-4668-BE54-9A1E7A4F7556}") = "Foundation2", "final\Foundation2\Foundation2.csproj", "{17CBB822-7AAE-49E1-B500-5567915A1A4B}"
EndProject
Project("{9A19103F-16F7-4668-BE54-9A1E7A4F7556}") = "Foundation3", "final\Foundation3\Foundation3.csproj", "{F4306C5B-12BD-4FAD-B733-0FA2C1E53DA6}"
EndProject
Project("{9A19103F-16F7-4668-BE54-9A1E7A4F7556}") = "Foundation4", "final\Foundation4\Foundation4.csproj", "{5943CEA7-7923-47A9-BFBF-68D818CB8809}"
EndProject
Project("{2150E333-8FDC-42A3-9474-1A3956D46DE8}") = "prepare", "prepare", "{82343C71-D03D-4EF9-9C19-E3A885CE51A4}"
EndProject
Project("{9A19103F-16F7-4668-BE54-9A1E7A4F7556}") = "Learning02", "prepare\Learning02\Learning02.csproj", "{C37AF060-E48D-4440-A3AD-713F21D59E38}"
EndProject
Project("{9A19103F-16F7-4668-BE54-9A1E7A4F7556}") = "Learning03", "prepare\Learning03\Learning03.csproj", "{0E99094A-72D8-4482-96FD-042246F4E99E}"
EndProject
Project("{9A19103F-16F7-4668-BE54-9A1E7A4F7556}") = "Learning04", "prepare\Learning04\Learning04.csproj", "{0D559DDA-FE68-4782-93BA-7EA71D862717}"
EndProject
Project("{9A19103F-16F7-4668-BE54-9A1E7A4F7556}") = "Learning05", "prepare\Learning05\Learning05.csproj", "{8782A910-BFE5-475C-99E1-ED7B664B064B}"
EndProject
Project("{2150E333-8FDC-42A3-9474-1A3956D46DE8}") = "prove", "prove", "{C44A9D12-2B56-4D9A-90BA-D60D8FF5992D}"
EndProject
Project("{9A19103F-16F7-4668-BE54-9A1E7A4F7556}") = "Develop02", "prove\Develop02\Develop02.csproj", "{DC88175C-3923-47E0-BE11-9DD872394214}"
EndProject
Project("{9A19103F-16F7-4668-BE54-9A1E7A4F7556}") = "Develop03", "prove\Develop03\Develop03.csproj", "{0E20954A-1A57-4775-A4D1-C84BC51FB4A4}"
EndProject
Project("{9A19103F-16F7-4668-BE54-9A1E7A4F7556}") = "Develop04", "prove\Develop04\Develop04.csproj", "{576F0265-2178-4181-9D2C-6222A00B468E}"
EndProject
Project("{9A19103F-16F7-4668-BE54-9A1E7A4F7556}") = "Develop05", "prove\Develop05\Develop05.csproj", "{97F6B2A8-1245-477A-8CAF-27DADFE6490C}"
EndProject
Project("{2150E333-8FDC-42A3-9474-1A3956D46DE8}") = "sandbox", "sandbox", "{3B12B1DA-60FD-430A-BD0F-C2DCE11DD186}"
EndProject
Project("{9A19103F-16F7-4668-BE54-9A1E7A4F7556}") = "Sandbox", "sandbox\Sandbox\Sandbox.csproj", "{442E0FF7-18C7-452D-BD2C-2E234F72C501}"
EndProject
Global
	GlobalSection(SolutionConfigurationPlatforms) = preSolution
		Debug|Any CPU = Debug|Any CPU
		Release|Any CPU = Release|Any CPU
	EndGlobalSection
	GlobalSection(ProjectConfigurationPlatforms) = postSolution
		{8F722952-5152-4A23-B273-6DBED4752A41}.Debug|Any CPU.ActiveCfg = Debug|Any CPU
		{8F722952-5152-4A23-B273-6DBED4752A41}.Debug|Any CPU.Build.0 = Debug|Any CPU
		{8F722952-5152-4A23-B273-6DBED4752A41}.Release|Any CPU.ActiveCfg = Release|Any CPU
		{8F722952-5152-4A23-B273-6DBED4752A41}.Release|Any CPU.Build.0 = Release|Any CPU
		{F83823EF-244B-4E73-8BB0-9D1F004A1158}.Debug|Any CPU.ActiveCfg = Debug|Any CPU
		{F83823EF-244B-4E73-8BB0-9D1F004A1158}.Debug|Any CPU.Build.0 = Debug|Any CPU
		{F83823EF-244B-4E73-8BB0-9D1F004A1158}.Release|Any CPU.ActiveCfg = Release|Any CPU
		{F83823EF-244B-4E73-8BB0-9D1F004A1158}.Release|Any CPU.Build.0 = Release|Any CPU
		{B75565D8-91A6-4C3C-89E5-0A0D082E9C5A}.Debug|Any CPU.ActiveCfg = Debug|Any CPU
		{B75565D8-91A6-4C3C-89E5-0A0D082E9C5A}.Debug|Any CPU.Build.0 = Debug|Any CPU
		{B75565D8-91A6-4C3C-89E5-0A0D082E9C5A}.Release|Any CPU.ActiveCfg = Release|Any CPU
		{B75565D8-91A6-4C3C-89E5-0A0D082E9C5A}.Release|Any CPU.Build.0 = Release|Any CPU
		{6B878F40-E13E-4F23-8EA4-0C526D168C61}.Debug|Any CPU.ActiveCfg = Debug|Any CPU
		{6B878F40-E13E-4F23-8EA4-0C526D168C61}.Debug|Any CPU.Build.0 = Debug|Any CPU
		{6B878F40-E13E-4F23-8EA4-0C526D168C61}.Release|Any CPU.ActiveCfg = Release|Any CPU
		{6B878F40-E13E-4F23-8EA4-0C526D168C61}.Release|Any CPU.Build.0 = Release|Any CPU
		{84728A3E-6A86-4478-A80C-A9431061D428}.Debug|Any CPU.ActiveCfg = Debug|Any CPU
		{84728A3E-6A86-4478-A80C-A9431061D428}.Debug|Any CPU.Build.0 = Debug|Any CPU
		{84728A3E-6A86-4478-A80C-A9431061D428}.Release|Any CPU.ActiveCfg = Release|Any CPU
		{84728A3E-6A86-4478-A80C-A9431061D428}.Release|Any CPU.Build.0 = Release|Any CPU
		{69F76E52-8DF4-4300-9774-C42588755EB9}.Debug|Any CPU.ActiveCfg = Debug|Any CPU
		{69F76E52-8DF4-4300-9774-C42588755EB9}.Debug|Any CPU.Build.0 = Debug|Any CPU
		{69F76E52-8DF4-4300-9774-C42588755EB9}.Release|Any CPU.ActiveCfg = Release|Any CPU
		{69F76E52-8DF4-4300-9774-C42588755EB9}.Release|Any CPU.Build.0 = Release|Any CPU
		{6266C8B7-EDDA-45FB-A611-E97A5EB8DE34}.Debug|Any CPU.ActiveCfg = Debug|Any CPU
		{6266C8B7-EDDA-45FB-A611-E97A5EB8DE34}.Debug|Any CPU.Build.0 = Debug|Any CPU
		{6266C8B7-EDDA-45FB-A611-E97A5EB8DE34}.Release|Any CPU.ActiveCfg = Release|Any CPU
		{6266C8B7-EDDA-45FB-A611-E97A5EB8DE34}.Release|Any CPU.Build.0 = Release|Any CPU
		{17CBB822-7AAE-49E1-B500-5567915A1A4B}.Debug|Any CPU.ActiveCfg = Debug|Any CPU
		{17CBB822-7AAE-49E1-B500-5567915A1A4B}.Debug|Any CPU.Build.0 = Debug|Any CPU
		{17CBB822-7AAE-49E1-B500-5567915A1A4B}.Release|Any CPU.ActiveCfg = Release|Any CPU
		{17CBB822-7AAE-49E1-B500-5567915A1A4B}.Release|Any CPU.Build.0 = Release|Any CPU
		{F4306C5B-12BD-4FAD-B733-0FA2C1E53DA6}.Debug|Any CPU.ActiveCfg = Debug|Any CPU
		{F4306C5B-12BD-4FAD-B733-0FA2C1E53DA6}.Debug|Any CPU.Build.0 = Debug|Any CPU
		{F4306C5B-12BD-4FAD-B733-0FA2C1E53DA6}.Release|Any CPU.ActiveCfg = Release|Any CPU
		{F4306C5B-12BD-4FAD-B733-0FA2C1E53DA6}.Release|Any CPU.Build.0 = Release|Any CPU
		{5943CEA7-7923-47A9-BFBF-68D818CB8809}.Debug|Any CPU.ActiveCfg = Debug|Any CPU
		{5943CEA7-7923-47A9-BFBF-68D818CB8809}.Debug|Any CPU.Build.0 = Debug|Any CPU
		{5943CEA7-7923-47A9-BFBF-68D818CB8809}.Release|Any CPU.ActiveCfg = Release|Any CPU
		{5943CEA7-7923-47A9-BFBF-68D818CB8809}.Release|Any CPU.Build.0 = Release|Any CPU
		{C37AF060-E48D-4440-A3AD-713F21D59E38}.Debug|Any CPU.ActiveCfg = Debug|Any CPU
		{C37AF060-E48D-4440-A3AD-713F21D59E38}.Debug|Any CPU.Build.0 = Debug|Any CPU
		{C37AF060-E48D-4440-A3AD-713F21D59E38}.Release|Any CPU.ActiveCfg = Release|Any CPU
		{C37AF060-E48D-4440-A3AD-713F21D59E38}.Release|Any CPU.Build.0 = Release|Any CPU
		{0E99094A-72D8-4482-96FD-042246F4E99E}.Debug|Any CPU.ActiveCfg = Debug|Any CPU
		{0E99094A-72D8-4482-96FD-042246F4E99E}.Debug|Any CPU.Build.0 = Debug|Any CPU
		{0E99094A-72D8-4482-96FD-042246F4E99E}.Release|Any CPU.ActiveCfg = Release|Any CPU
		{0E99094A-72D8-4482-96FD-042246F4E99E}.Release|Any CPU.Build.0 = Release|Any CPU
		{0D559DDA-FE68-4782-93BA-7EA71D862717}.Debug|Any CPU.ActiveCfg = Debug|Any CPU
		{0D559DDA-FE68-4782-93BA-7EA71D862717}.Debug|Any CPU.Build.0 = Debug|Any CPU
		{0D559DDA-FE68-4782-93BA-7EA71D862717}.Release|Any CPU.ActiveCfg = Release|Any CPU
		{0D559DDA-FE68-4782-93BA-7EA71D862717}.Release|Any CPU.Build.0 = Release|Any CPU
		{8782A910-BFE5-475C-99E1-ED7B664B064B}.Debug|Any CPU.ActiveCfg = Debug|Any CPU
		{8782A910-BFE5-475C-99E1-ED7B664B064B}.Debug|Any CPU.Build.0 = Debug|Any CPU
		{8782A910-BFE5-475C-99E1-ED7B664B064B}.Release|Any CPU.ActiveCfg = Release|Any CPU
		{8782A910-BFE5-475C-99E1-ED7B664B064B}.Release|Any CPU.Build.0 = Release|Any CPU
		{DC88175C-3923-47E0-BE11-9DD872394214}.Debug|Any CPU.ActiveCfg = Debug|Any CPU
		{DC88175C-3923-47E0-BE11-9DD872394214}.Debug|Any CPU.Build.0 = Debug|Any CPU
		{DC88175C-3923-47E0-BE11-9DD872394214}.Release|Any CPU.ActiveCfg = Release|Any CPU
		{DC88175C-3923-47E0-BE11-9DD872394214}.Release|Any CPU.Build.0 = Release|Any CPU
		{0E20954A-1A57-4775-A4D1-C84BC51FB4A4}.Debug|Any CPU.ActiveCfg = Debug|Any CPU
		{0E20954A-1A57-4775-A4D1-C84BC51FB4A4}.Debug|Any CPU.Build.0 = Debug|Any CPU
		{0E20954A-1A57-4775-A4D1-C84BC51FB4A4}.Release|Any CPU.ActiveCfg = Release|Any CPU
		{0E20954A-1A57-4775-A4D1-C84BC51FB4A4}.Release|Any CPU.Build.0 = Release|Any CPU
		{576F0265-2178-4181-9D2C-6222A00B468E}.Debug|Any CPU.ActiveCfg = Debug|Any CPU
		{576F0265-2178-4181-9D2C-6222A00B468E}.Debug|Any CPU.Build.0 = Debug|Any CPU
		{576F0265-2178-4181-9D2C-6222A00B468E}.Release|Any CPU.ActiveCfg = Release|Any CPU
		{576F0265-2178-4181-9D2C-6222A00B468E}.Release|Any CPU.Build.0 = Release|Any CPU
		{97F6B2A8-1245-477A-8CAF-27DADFE6490C}.Debug|Any CPU.ActiveCfg = Debug|Any CPU
		{97F6B2A8-1245-477A-8CAF-27DADFE6490C}.Debug|Any CPU.Build.0 = Debug|Any CPU
		{97F6B2A8-1245-477A-8CAF-27DADFE6490C}.Release|Any CPU.ActiveCfg = Release|Any CPU
		{97F6B2A8-1245-477A-8CAF-27DADFE6490C}.Release|Any CPU.Build.0 = Release|Any CPU
		{442E0FF7-18C7-452D-BD2C-2E234F72C501}.Debug|Any CPU.ActiveCfg = Debug|Any CPU
		{442E0FF7-18C7-452D-BD2C-2E234F72C501}.Debug|Any CPU.Build.0 = Debug|Any CPU
		{442E0FF7-18C7-452D-BD2C-2E234F72C501}.Release|Any CPU.ActiveCfg = Release|Any CPU
		{442E0FF7-18C7-452D-BD2C-2E234F72C501}.Release|Any CPU.Build.0 = Release|Any CPU
	EndGlobalSection
	GlobalSection(SolutionProperties) = preSolution
		HideSolutionNode = FALSE
	EndGlobalSection
	GlobalSection(NestedProjects) = preSolution
		{8F722952-5152-4A23-B273-6DBED4752A41} = {ECE053C3-A663-4B2F-B13B-9498715BA7AC}
		{F83823EF-244B-4E73-8BB0-9D1F004A1158} = {ECE053C3-A663-4B2F-B13B-9498715BA7AC}
		{B75565D8-91A6-4C3C-89E5-0A0D082E9C5A} = {ECE053C3-A663-4B2F-B13B-9498715BA7AC}
		{6B878F40-E13E-4F23-8EA4-0C526D168C61} = {ECE053C3-A663-4B2F-B13B-9498715BA7AC}
		{84728A3E-6A86-4478-A80C-A9431061D428} = {ECE053C3-A663-4B2F-B13B-9498715BA7AC}
		{69F76E52-8DF4-4300-9774-C42588755EB9} = {0DF5993E-58D9-459F-A90E-F978F0D6A156}
		{6266C8B7-EDDA-45FB-A611-E97A5EB8DE34} = {0DF5993E-58D9-459F-A90E-F978F0D6A156}
		{17CBB822-7AAE-49E1-B500-5567915A1A4B} = {0DF5993E-58D9-459F-A90E-F978F0D6A156}
		{F4306C5B-12BD-4FAD-B733-0FA2C1E53DA6} = {0DF5993E-58D9-459F-A90E-F978F0D6A156}
		{5943CEA7-7923-47A9-BFBF-68D818CB8809} = {0DF5993E-58D9-459F-A90E-F978F0D6A156}
		{C37AF060-E48D-4440-A3AD-713F21D59E38} = {82343C71-D03D-4EF9-9C19-E3A885CE51A4}
		{0E99094A-72D8-4482-96FD-042246F4E99E} = {82343C71-D03D-4EF9-9C19-E3A885CE51A4}
		{0D559DDA-FE68-4782-93BA-7EA71D862717} = {82343C71-D03D-4EF9-9C19-E3A885CE51A4}
		{8782A910-BFE5-475C-99E1-ED7B664B064B} = {82343C71-D03D-4EF9-9C19-E3A885CE51A4}
		{DC88175C-3923-47E0-BE11-9DD872394214} = {C44A9D12-2B56-4D9A-90BA-D60D8FF5992D}
		{0E20954A-1A57-4775-A4D1-C84BC51FB4A4} = {C44A9D12-2B56-4D9A-90BA-D60D8FF5992D}
		{576F0265-2178-4181-9D2C-6222A00B468E} = {C44A9D12-2B56-4D9A-90BA-D60D8FF5992D}
		{97F6B2A8-1245-477A-8CAF-27DADFE6490C} = {C44A9D12-2B56-4D9A-90BA-D60D8FF5992D}
		{442E0FF7-18C7-452D-BD2C-2E234F72C501} = {3B12B1DA-60FD-430A-BD0F-C2DCE11DD186}
	EndGlobalSection
	GlobalSection(ExtensibilityGlobals) = postSolution
		SolutionGuid = {01BF2725-7B6E-4B35-A92E-A5EFAB7C5083}
	EndGlobalSection
EndGlobal
